Microsoft Visual Studio Solution File, Format Version 12.00
# Visual Studio Version 17
VisualStudioVersion = 17.5.2.0
MinimumVisualStudioVersion = 10.0.40219.1
Project("{FAE04EC0-301F-11D3-BF4B-00C04F79EFBC}") = "ssrf", "ssrf.csproj", "{6CC4CC20-566C-388C-CA52-D89551ED3FA5}"
EndProject
Global
	GlobalSection(SolutionConfigurationPlatforms) = preSolution
		Debug|Any CPU = Debug|Any CPU
		Release|Any CPU = Release|Any CPU
	EndGlobalSection
	GlobalSection(ProjectConfigurationPlatforms) = postSolution
		{6CC4CC20-566C-388C-CA52-D89551ED3FA5}.Debug|Any CPU.ActiveCfg = Debug|Any CPU
		{6CC4CC20-566C-388C-CA52-D89551ED3FA5}.Debug|Any CPU.Build.0 = Debug|Any CPU
		{6CC4CC20-566C-388C-CA52-D89551ED3FA5}.Release|Any CPU.ActiveCfg = Release|Any CPU
		{6CC4CC20-566C-388C-CA52-D89551ED3FA5}.Release|Any CPU.Build.0 = Release|Any CPU
	EndGlobalSection
	GlobalSection(SolutionProperties) = preSolution
		HideSolutionNode = FALSE
	EndGlobalSection
	GlobalSection(ExtensibilityGlobals) = postSolution
		SolutionGuid = {D918E6F9-375F-4A0B-A5ED-ACEEF5BEA0C0}
	EndGlobalSection
EndGlobal
